
Microsoft Visual Studio Solution File, Format Version 12.00
# Visual Studio Version 17
VisualStudioVersion = 17.6.33723.286
MinimumVisualStudioVersion = 10.0.40219.1
Project("{FAE04EC0-301F-11D3-BF4B-00C04F79EFBC}") = "0616", "0616.csproj", "{E31CD7B0-C252-46AC-94A5-C740FFA4A4ED}"
EndProject
Global
	GlobalSection(SolutionConfigurationPlatforms) = preSolution
		Debug|Any CPU = Debug|Any CPU
		Release|Any CPU = Release|Any CPU
	EndGlobalSection
	GlobalSection(ProjectConfigurationPlatforms) = postSolution
		{E31CD7B0-C252-46AC-94A5-C740FFA4A4ED}.Debug|Any CPU.ActiveCfg = Debug|Any CPU
		{E31CD7B0-C252-46AC-94A5-C740FFA4A4ED}.Debug|Any CPU.Build.0 = Debug|Any CPU
		{E31CD7B0-C252-46AC-94A5-C740FFA4A4ED}.Release|Any CPU.ActiveCfg = Release|Any CPU
		{E31CD7B0-C252-46AC-94A5-C740FFA4A4ED}.Release|Any CPU.Build.0 = Release|Any CPU
	EndGlobalSection
	GlobalSection(SolutionProperties) = preSolution
		HideSolutionNode = FALSE
	EndGlobalSection
	GlobalSection(ExtensibilityGlobals) = postSolution
		SolutionGuid = {83BD76B0-C795-4EEF-B467-0321A42BC73A}
	EndGlobalSection
EndGlobal
