
Microsoft Visual Studio Solution File, Format Version 12.00
# Visual Studio Version 17
VisualStudioVersion = 17.6.33723.286
MinimumVisualStudioVersion = 10.0.40219.1
Project("{FAE04EC0-301F-11D3-BF4B-00C04F79EFBC}") = "2023Maker", "2023Maker.csproj", "{54E5232E-9851-4E5A-991A-04817AC1E85C}"
EndProject
Global
	GlobalSection(SolutionConfigurationPlatforms) = preSolution
		Debug|Any CPU = Debug|Any CPU
		Release|Any CPU = Release|Any CPU
	EndGlobalSection
	GlobalSection(ProjectConfigurationPlatforms) = postSolution
		{54E5232E-9851-4E5A-991A-04817AC1E85C}.Debug|Any CPU.ActiveCfg = Debug|Any CPU
		{54E5232E-9851-4E5A-991A-04817AC1E85C}.Debug|Any CPU.Build.0 = Debug|Any CPU
		{54E5232E-9851-4E5A-991A-04817AC1E85C}.Release|Any CPU.ActiveCfg = Release|Any CPU
		{54E5232E-9851-4E5A-991A-04817AC1E85C}.Release|Any CPU.Build.0 = Release|Any CPU
	EndGlobalSection
	GlobalSection(SolutionProperties) = preSolution
		HideSolutionNode = FALSE
	EndGlobalSection
	GlobalSection(ExtensibilityGlobals) = postSolution
		SolutionGuid = {4A8F6965-3A80-428F-92F3-2C794EC87996}
	EndGlobalSection
EndGlobal
