
Microsoft Visual Studio Solution File, Format Version 12.00
# Visual Studio Version 17
VisualStudioVersion = 17.6.33723.286
MinimumVisualStudioVersion = 10.0.40219.1
Project("{8BC9CEB8-8B4A-11D0-8D11-00A0C91BC942}") = "230607_이준영", "230607_이준영.vcxproj", "{660C5775-DF16-40BE-B233-01CF0E9C5D4D}"
EndProject
Global
	GlobalSection(SolutionConfigurationPlatforms) = preSolution
		Debug|x64 = Debug|x64
		Debug|x86 = Debug|x86
		Release|x64 = Release|x64
		Release|x86 = Release|x86
	EndGlobalSection
	GlobalSection(ProjectConfigurationPlatforms) = postSolution
		{660C5775-DF16-40BE-B233-01CF0E9C5D4D}.Debug|x64.ActiveCfg = Debug|x64
		{660C5775-DF16-40BE-B233-01CF0E9C5D4D}.Debug|x64.Build.0 = Debug|x64
		{660C5775-DF16-40BE-B233-01CF0E9C5D4D}.Debug|x86.ActiveCfg = Debug|Win32
		{660C5775-DF16-40BE-B233-01CF0E9C5D4D}.Debug|x86.Build.0 = Debug|Win32
		{660C5775-DF16-40BE-B233-01CF0E9C5D4D}.Release|x64.ActiveCfg = Release|x64
		{660C5775-DF16-40BE-B233-01CF0E9C5D4D}.Release|x64.Build.0 = Release|x64
		{660C5775-DF16-40BE-B233-01CF0E9C5D4D}.Release|x86.ActiveCfg = Release|Win32
		{660C5775-DF16-40BE-B233-01CF0E9C5D4D}.Release|x86.Build.0 = Release|Win32
	EndGlobalSection
	GlobalSection(SolutionProperties) = preSolution
		HideSolutionNode = FALSE
	EndGlobalSection
	GlobalSection(ExtensibilityGlobals) = postSolution
		SolutionGuid = {BB653B73-7C2A-41D2-9496-E6D708A86D2F}
	EndGlobalSection
EndGlobal
